
Microsoft Visual Studio Solution File, Format Version 12.00
# Visual Studio Version 16
VisualStudioVersion = 16.0.29324.140
MinimumVisualStudioVersion = 10.0.40219.1
Project("{9A19103F-16F7-4668-BE54-9A1E7A4F7556}") = "SudokuIA2", "SudokuIA2\SudokuIA2.csproj", "{3C1B9A96-97A1-4C42-87DB-3667FCF2851E}"
EndProject
Project("{FAE04EC0-301F-11D3-BF4B-00C04F79EFBC}") = "Dlx", "SudokuIA2\Grp4 DancingLinks\Dlx\Dlx.csproj", "{59D05D6E-C72F-477A-91E7-473AD10E62AD}"
EndProject
Global
	GlobalSection(SolutionConfigurationPlatforms) = preSolution
		Debug|Any CPU = Debug|Any CPU
		Release|Any CPU = Release|Any CPU
	EndGlobalSection
	GlobalSection(ProjectConfigurationPlatforms) = postSolution
		{3C1B9A96-97A1-4C42-87DB-3667FCF2851E}.Debug|Any CPU.ActiveCfg = Debug|Any CPU
		{3C1B9A96-97A1-4C42-87DB-3667FCF2851E}.Debug|Any CPU.Build.0 = Debug|Any CPU
		{3C1B9A96-97A1-4C42-87DB-3667FCF2851E}.Release|Any CPU.ActiveCfg = Release|Any CPU
		{3C1B9A96-97A1-4C42-87DB-3667FCF2851E}.Release|Any CPU.Build.0 = Release|Any CPU
		{59D05D6E-C72F-477A-91E7-473AD10E62AD}.Debug|Any CPU.ActiveCfg = Debug|Any CPU
		{59D05D6E-C72F-477A-91E7-473AD10E62AD}.Debug|Any CPU.Build.0 = Debug|Any CPU
		{59D05D6E-C72F-477A-91E7-473AD10E62AD}.Release|Any CPU.ActiveCfg = Release|Any CPU
		{59D05D6E-C72F-477A-91E7-473AD10E62AD}.Release|Any CPU.Build.0 = Release|Any CPU
	EndGlobalSection
	GlobalSection(SolutionProperties) = preSolution
		HideSolutionNode = FALSE
	EndGlobalSection
	GlobalSection(ExtensibilityGlobals) = postSolution
		SolutionGuid = {06797D68-C7DB-480E-9756-015182B405E2}
	EndGlobalSection
EndGlobal
